// !$*UTF8*$!
{
	archiveVersion = 1;
	classes = {
	};
	objectVersion = 48;
	objects = {

/* Begin PBXBuildFile section */
		724A0C2D2020616800D73287 /* AppDelegate.m in Sources */ = {isa = PBXBuildFile; fileRef = 724A0C2C2020616800D73287 /* AppDelegate.m */; };
		724A0C332020616900D73287 /* Main.storyboard in Resources */ = {isa = PBXBuildFile; fileRef = 724A0C312020616900D73287 /* Main.storyboard */; };
		724A0C352020616900D73287 /* Assets.xcassets in Resources */ = {isa = PBXBuildFile; fileRef = 724A0C342020616900D73287 /* Assets.xcassets */; };
		724A0C382020616900D73287 /* LaunchScreen.storyboard in Resources */ = {isa = PBXBuildFile; fileRef = 724A0C362020616900D73287 /* LaunchScreen.storyboard */; };
		724A0C3B2020616900D73287 /* main.m in Sources */ = {isa = PBXBuildFile; fileRef = 724A0C3A2020616900D73287 /* main.m */; };
		724A0C43202093C000D73287 /* TableViewController.m in Sources */ = {isa = PBXBuildFile; fileRef = 724A0C42202093C000D73287 /* TableViewController.m */; };
		724A0C462020963400D73287 /* Task.m in Sources */ = {isa = PBXBuildFile; fileRef = 724A0C452020963400D73287 /* Task.m */; };
		724A0C4920209A6D00D73287 /* TaskController.m in Sources */ = {isa = PBXBuildFile; fileRef = 724A0C4820209A6D00D73287 /* TaskController.m */; };
		724A0C4E2023B42F00D73287 /* DBHandler.m in Sources */ = {isa = PBXBuildFile; fileRef = 724A0C4D2023B42F00D73287 /* DBHandler.m */; };
		724A0C512023BF0800D73287 /* DetailViewController.m in Sources */ = {isa = PBXBuildFile; fileRef = 724A0C502023BF0800D73287 /* DetailViewController.m */; };
/* End PBXBuildFile section */

/* Begin PBXFileReference section */
		724A0C282020616800D73287 /* ToDoList.app */ = {isa = PBXFileReference; explicitFileType = wrapper.application; includeInIndex = 0; path = ToDoList.app; sourceTree = BUILT_PRODUCTS_DIR; };
		724A0C2B2020616800D73287 /* AppDelegate.h */ = {isa = PBXFileReference; lastKnownFileType = sourcecode.c.h; path = AppDelegate.h; sourceTree = "<group>"; };
		724A0C2C2020616800D73287 /* AppDelegate.m */ = {isa = PBXFileReference; lastKnownFileType = sourcecode.c.objc; path = AppDelegate.m; sourceTree = "<group>"; };
		724A0C322020616900D73287 /* Base */ = {isa = PBXFileReference; lastKnownFileType = file.storyboard; name = Base; path = Base.lproj/Main.storyboard; sourceTree = "<group>"; };
		724A0C342020616900D73287 /* Assets.xcassets */ = {isa = PBXFileReference; lastKnownFileType = folder.assetcatalog; path = Assets.xcassets; sourceTree = "<group>"; };
		724A0C372020616900D73287 /* Base */ = {isa = PBXFileReference; lastKnownFileType = file.storyboard; name = Base; path = Base.lproj/LaunchScreen.storyboard; sourceTree = "<group>"; };
		724A0C392020616900D73287 /* Info.plist */ = {isa = PBXFileReference; lastKnownFileType = text.plist.xml; path = Info.plist; sourceTree = "<group>"; };
		724A0C3A2020616900D73287 /* main.m */ = {isa = PBXFileReference; lastKnownFileType = sourcecode.c.objc; path = main.m; sourceTree = "<group>"; };
		724A0C41202093C000D73287 /* TableViewController.h */ = {isa = PBXFileReference; lastKnownFileType = sourcecode.c.h; path = TableViewController.h; sourceTree = "<group>"; };
		724A0C42202093C000D73287 /* TableViewController.m */ = {isa = PBXFileReference; lastKnownFileType = sourcecode.c.objc; path = TableViewController.m; sourceTree = "<group>"; };
		724A0C442020963400D73287 /* Task.h */ = {isa = PBXFileReference; lastKnownFileType = sourcecode.c.h; path = Task.h; sourceTree = "<group>"; };
		724A0C452020963400D73287 /* Task.m */ = {isa = PBXFileReference; lastKnownFileType = sourcecode.c.objc; path = Task.m; sourceTree = "<group>"; };
		724A0C4720209A6D00D73287 /* TaskController.h */ = {isa = PBXFileReference; lastKnownFileType = sourcecode.c.h; path = TaskController.h; sourceTree = "<group>"; };
		724A0C4820209A6D00D73287 /* TaskController.m */ = {isa = PBXFileReference; lastKnownFileType = sourcecode.c.objc; path = TaskController.m; sourceTree = "<group>"; };
		724A0C4C2023B42F00D73287 /* DBHandler.h */ = {isa = PBXFileReference; lastKnownFileType = sourcecode.c.h; path = DBHandler.h; sourceTree = "<group>"; };
		724A0C4D2023B42F00D73287 /* DBHandler.m */ = {isa = PBXFileReference; lastKnownFileType = sourcecode.c.objc; path = DBHandler.m; sourceTree = "<group>"; };
		724A0C4F2023BF0800D73287 /* DetailViewController.h */ = {isa = PBXFileReference; lastKnownFileType = sourcecode.c.h; path = DetailViewController.h; sourceTree = "<group>"; };
		724A0C502023BF0800D73287 /* DetailViewController.m */ = {isa = PBXFileReference; lastKnownFileType = sourcecode.c.objc; path = DetailViewController.m; sourceTree = "<group>"; };
/* End PBXFileReference section */

/* Begin PBXFrameworksBuildPhase section */
		724A0C252020616800D73287 /* Frameworks */ = {
			isa = PBXFrameworksBuildPhase;
			buildActionMask = 2147483647;
			files = (
			);
			runOnlyForDeploymentPostprocessing = 0;
		};
/* End PBXFrameworksBuildPhase section */

/* Begin PBXGroup section */
		724A0C1F2020616800D73287 = {
			isa = PBXGroup;
			children = (
				724A0C2A2020616800D73287 /* ToDoList */,
				724A0C292020616800D73287 /* Products */,
			);
			sourceTree = "<group>";
		};
		724A0C292020616800D73287 /* Products */ = {
			isa = PBXGroup;
			children = (
				724A0C282020616800D73287 /* ToDoList.app */,
			);
			name = Products;
			sourceTree = "<group>";
		};
		724A0C2A2020616800D73287 /* ToDoList */ = {
			isa = PBXGroup;
			children = (
				724A0C2B2020616800D73287 /* AppDelegate.h */,
				724A0C2C2020616800D73287 /* AppDelegate.m */,
				724A0C312020616900D73287 /* Main.storyboard */,
				724A0C342020616900D73287 /* Assets.xcassets */,
				724A0C362020616900D73287 /* LaunchScreen.storyboard */,
				724A0C392020616900D73287 /* Info.plist */,
				724A0C3A2020616900D73287 /* main.m */,
				724A0C41202093C000D73287 /* TableViewController.h */,
				724A0C42202093C000D73287 /* TableViewController.m */,
				724A0C442020963400D73287 /* Task.h */,
				724A0C452020963400D73287 /* Task.m */,
				724A0C4720209A6D00D73287 /* TaskController.h */,
				724A0C4820209A6D00D73287 /* TaskController.m */,
				724A0C4C2023B42F00D73287 /* DBHandler.h */,
				724A0C4D2023B42F00D73287 /* DBHandler.m */,
				724A0C4F2023BF0800D73287 /* DetailViewController.h */,
				724A0C502023BF0800D73287 /* DetailViewController.m */,
			);
			path = ToDoList;
			sourceTree = "<group>";
		};
/* End PBXGroup section */

/* Begin PBXNativeTarget section */
		724A0C272020616800D73287 /* ToDoList */ = {
			isa = PBXNativeTarget;
			buildConfigurationList = 724A0C3E2020616900D73287 /* Build configuration list for PBXNativeTarget "ToDoList" */;
			buildPhases = (
				724A0C242020616800D73287 /* Sources */,
				724A0C252020616800D73287 /* Frameworks */,
				724A0C262020616800D73287 /* Resources */,
			);
			buildRules = (
			);
			dependencies = (
			);
			name = ToDoList;
			productName = ToDoList;
			productReference = 724A0C282020616800D73287 /* ToDoList.app */;
			productType = "com.apple.product-type.application";
		};
/* End PBXNativeTarget section */

/* Begin PBXProject section */
		724A0C202020616800D73287 /* Project object */ = {
			isa = PBXProject;
			attributes = {
				LastUpgradeCheck = 0920;
				ORGANIZATIONNAME = "August Posner";
				TargetAttributes = {
					724A0C272020616800D73287 = {
						CreatedOnToolsVersion = 9.2;
						ProvisioningStyle = Automatic;
					};
				};
			};
			buildConfigurationList = 724A0C232020616800D73287 /* Build configuration list for PBXProject "ToDoList" */;
			compatibilityVersion = "Xcode 8.0";
			developmentRegion = en;
			hasScannedForEncodings = 0;
			knownRegions = (
				en,
				Base,
			);
			mainGroup = 724A0C1F2020616800D73287;
			productRefGroup = 724A0C292020616800D73287 /* Products */;
			projectDirPath = "";
			projectRoot = "";
			targets = (
				724A0C272020616800D73287 /* ToDoList */,
			);
		};
/* End PBXProject section */

/* Begin PBXResourcesBuildPhase section */
		724A0C262020616800D73287 /* Resources */ = {
			isa = PBXResourcesBuildPhase;
			buildActionMask = 2147483647;
			files = (
				724A0C382020616900D73287 /* LaunchScreen.storyboard in Resources */,
				724A0C352020616900D73287 /* Assets.xcassets in Resources */,
				724A0C332020616900D73287 /* Main.storyboard in Resources */,
			);
			runOnlyForDeploymentPostprocessing = 0;
		};
/* End PBXResourcesBuildPhase section */

/* Begin PBXSourcesBuildPhase section */
		724A0C242020616800D73287 /* Sources */ = {
			isa = PBXSourcesBuildPhase;
			buildActionMask = 2147483647;
			files = (
				724A0C4920209A6D00D73287 /* TaskController.m in Sources */,
				724A0C462020963400D73287 /* Task.m in Sources */,
				724A0C4E2023B42F00D73287 /* DBHandler.m in Sources */,
				724A0C3B2020616900D73287 /* main.m in Sources */,
				724A0C2D2020616800D73287 /* AppDelegate.m in Sources */,
				724A0C43202093C000D73287 /* TableViewController.m in Sources */,
				724A0C512023BF0800D73287 /* DetailViewController.m in Sources */,
			);
			runOnlyForDeploymentPostprocessing = 0;
		};
/* End PBXSourcesBuildPhase section */

/* Begin PBXVariantGroup section */
		724A0C312020616900D73287 /* Main.storyboard */ = {
			isa = PBXVariantGroup;
			children = (
				724A0C322020616900D73287 /* Base */,
			);
			name = Main.storyboard;
			sourceTree = "<group>";
		};
		724A0C362020616900D73287 /* LaunchScreen.storyboard */ = {
			isa = PBXVariantGroup;
			children = (
				724A0C372020616900D73287 /* Base */,
			);
			name = LaunchScreen.storyboard;
			sourceTree = "<group>";
		};
/* End PBXVariantGroup section */

/* Begin XCBuildConfiguration section */
		724A0C3C2020616900D73287 /* Debug */ = {
			isa = XCBuildConfiguration;
			buildSettings = {
				ALWAYS_SEARCH_USER_PATHS = NO;
				CLANG_ANALYZER_NONNULL = YES;
				CLANG_ANALYZER_NUMBER_OBJECT_CONVERSION = YES_AGGRESSIVE;
				CLANG_CXX_LANGUAGE_STANDARD = "gnu++14";
				CLANG_CXX_LIBRARY = "libc++";
				CLANG_ENABLE_MODULES = YES;
				CLANG_ENABLE_OBJC_ARC = YES;
				CLANG_WARN_BLOCK_CAPTURE_AUTORELEASING = YES;
				CLANG_WARN_BOOL_CONVERSION = YES;
				CLANG_WARN_COMMA = YES;
				CLANG_WARN_CONSTANT_CONVERSION = YES;
				CLANG_WARN_DIRECT_OBJC_ISA_USAGE = YES_ERROR;
				CLANG_WARN_DOCUMENTATION_COMMENTS = YES;
				CLANG_WARN_EMPTY_BODY = YES;
				CLANG_WARN_ENUM_CONVERSION = YES;
				CLANG_WARN_INFINITE_RECURSION = YES;
				CLANG_WARN_INT_CONVERSION = YES;
				CLANG_WARN_NON_LITERAL_NULL_CONVERSION = YES;
				CLANG_WARN_OBJC_LITERAL_CONVERSION = YES;
				CLANG_WARN_OBJC_ROOT_CLASS = YES_ERROR;
				CLANG_WARN_RANGE_LOOP_ANALYSIS = YES;
				CLANG_WARN_STRICT_PROTOTYPES = YES;
				CLANG_WARN_SUSPICIOUS_MOVE = YES;
				CLANG_WARN_UNGUARDED_AVAILABILITY = YES_AGGRESSIVE;
				CLANG_WARN_UNREACHABLE_CODE = YES;
				CLANG_WARN__DUPLICATE_METHOD_MATCH = YES;
				CODE_SIGN_IDENTITY = "iPhone Developer";
				COPY_PHASE_STRIP = NO;
				DEBUG_INFORMATION_FORMAT = dwarf;
				ENABLE_STRICT_OBJC_MSGSEND = YES;
				ENABLE_TESTABILITY = YES;
				GCC_C_LANGUAGE_STANDARD = gnu11;
				GCC_DYNAMIC_NO_PIC = NO;
				GCC_NO_COMMON_BLOCKS = YES;
				GCC_OPTIMIZATION_LEVEL = 0;
				GCC_PREPROCESSOR_DEFINITIONS = (
					"DEBUG=1",
					"$(inherited)",
				);
				GCC_WARN_64_TO_32_BIT_CONVERSION = YES;
				GCC_WARN_ABOUT_RETURN_TYPE = YES_ERROR;
				GCC_WARN_UNDECLARED_SELECTOR = YES;
				GCC_WARN_UNINITIALIZED_AUTOS = YES_AGGRESSIVE;
				GCC_WARN_UNUSED_FUNCTION = YES;
				GCC_WARN_UNUSED_VARIABLE = YES;
				IPHONEOS_DEPLOYMENT_TARGET = 11.2;
				MTL_ENABLE_DEBUG_INFO = YES;
				ONLY_ACTIVE_ARCH = YES;
				SDKROOT = iphoneos;
			};
			name = Debug;
		};
		724A0C3D2020616900D73287 /* Release */ = {
			isa = XCBuildConfiguration;
			buildSettings = {
				ALWAYS_SEARCH_USER_PATHS = NO;
				CLANG_ANALYZER_NONNULL = YES;
				CLANG_ANALYZER_NUMBER_OBJECT_CONVERSION = YES_AGGRESSIVE;
				CLANG_CXX_LANGUAGE_STANDARD = "gnu++14";
				CLANG_CXX_LIBRARY = "libc++";
				CLANG_ENABLE_MODULES = YES;
				CLANG_ENABLE_OBJC_ARC = YES;
				CLANG_WARN_BLOCK_CAPTURE_AUTORELEASING = YES;
				CLANG_WARN_BOOL_CONVERSION = YES;
				CLANG_WARN_COMMA = YES;
				CLANG_WARN_CONSTANT_CONVERSION = YES;
				CLANG_WARN_DIRECT_OBJC_ISA_USAGE = YES_ERROR;
				CLANG_WARN_DOCUMENTATION_COMMENTS = YES;
				CLANG_WARN_EMPTY_BODY = YES;
				CLANG_WARN_ENUM_CONVERSION = YES;
				CLANG_WARN_INFINITE_RECURSION = YES;
				CLANG_WARN_INT_CONVERSION = YES;
				CLANG_WARN_NON_LITERAL_NULL_CONVERSION = YES;
				CLANG_WARN_OBJC_LITERAL_CONVERSION = YES;
				CLANG_WARN_OBJC_ROOT_CLASS = YES_ERROR;
				CLANG_WARN_RANGE_LOOP_ANALYSIS = YES;
				CLANG_WARN_STRICT_PROTOTYPES = YES;
				CLANG_WARN_SUSPICIOUS_MOVE = YES;
				CLANG_WARN_UNGUARDED_AVAILABILITY = YES_AGGRESSIVE;
				CLANG_WARN_UNREACHABLE_CODE = YES;
				CLANG_WARN__DUPLICATE_METHOD_MATCH = YES;
				CODE_SIGN_IDENTITY = "iPhone Developer";
				COPY_PHASE_STRIP = NO;
				DEBUG_INFORMATION_FORMAT = "dwarf-with-dsym";
				ENABLE_NS_ASSERTIONS = NO;
				ENABLE_STRICT_OBJC_MSGSEND = YES;
				GCC_C_LANGUAGE_STANDARD = gnu11;
				GCC_NO_COMMON_BLOCKS = YES;
				GCC_WARN_64_TO_32_BIT_CONVERSION = YES;
				GCC_WARN_ABOUT_RETURN_TYPE = YES_ERROR;
				GCC_WARN_UNDECLARED_SELECTOR = YES;
				GCC_WARN_UNINITIALIZED_AUTOS = YES_AGGRESSIVE;
				GCC_WARN_UNUSED_FUNCTION = YES;
				GCC_WARN_UNUSED_VARIABLE = YES;
				IPHONEOS_DEPLOYMENT_TARGET = 11.2;
				MTL_ENABLE_DEBUG_INFO = NO;
				SDKROOT = iphoneos;
				VALIDATE_PRODUCT = YES;
			};
			name = Release;
		};
		724A0C3F2020616900D73287 /* Debug */ = {
			isa = XCBuildConfiguration;
			buildSettings = {
				ASSETCATALOG_COMPILER_APPICON_NAME = AppIcon;
				CODE_SIGN_STYLE = Automatic;
				DEVELOPMENT_TEAM = P9CDQNRLBP;
				INFOPLIST_FILE = ToDoList/Info.plist;
				LD_RUNPATH_SEARCH_PATHS = "$(inherited) @executable_path/Frameworks";
				PRODUCT_BUNDLE_IDENTIFIER = AP.ToDoList;
				PRODUCT_NAME = "$(TARGET_NAME)";
				TARGETED_DEVICE_FAMILY = "1,2";
			};
			name = Debug;
		};
		724A0C402020616900D73287 /* Release */ = {
			isa = XCBuildConfiguration;
			buildSettings = {
				ASSETCATALOG_COMPILER_APPICON_NAME = AppIcon;
				CODE_SIGN_STYLE = Automatic;
				DEVELOPMENT_TEAM = P9CDQNRLBP;
				INFOPLIST_FILE = ToDoList/Info.plist;
				LD_RUNPATH_SEARCH_PATHS = "$(inherited) @executable_path/Frameworks";
				PRODUCT_BUNDLE_IDENTIFIER = AP.ToDoList;
				PRODUCT_NAME = "$(TARGET_NAME)";
				TARGETED_DEVICE_FAMILY = "1,2";
			};
			name = Release;
		};
/* End XCBuildConfiguration section */

/* Begin XCConfigurationList section */
		724A0C232020616800D73287 /* Build configuration list for PBXProject "ToDoList" */ = {
			isa = XCConfigurationList;
			buildConfigurations = (
				724A0C3C2020616900D73287 /* Debug */,
				724A0C3D2020616900D73287 /* Release */,
			);
			defaultConfigurationIsVisible = 0;
			defaultConfigurationName = Release;
		};
		724A0C3E2020616900D73287 /* Build configuration list for PBXNativeTarget "ToDoList" */ = {
			isa = XCConfigurationList;
			buildConfigurations = (
				724A0C3F2020616900D73287 /* Debug */,
				724A0C402020616900D73287 /* Release */,
			);
			defaultConfigurationIsVisible = 0;
			defaultConfigurationName = Release;
		};
/* End XCConfigurationList section */
	};
	rootObject = 724A0C202020616800D73287 /* Project object */;
}
